# This file is generated by running "yarn install" inside your project.
# Manual changes might be lost - proceed with caution!

__metadata:
  version: 8
  cacheKey: 10

"@esbuild/aix-ppc64@npm:0.28.0":
  version: 0.28.0
  resolution: "@esbuild/aix-ppc64@npm:0.28.0"
  conditions: os=aix & cpu=ppc64
  languageName: node
  linkType: hard

"@esbuild/android-arm64@npm:0.28.0":
  version: 0.28.0
  resolution: "@esbuild/android-arm64@npm:0.28.0"
  conditions: os=android & cpu=arm64
  languageName: node
  linkType: hard

"@esbuild/android-arm@npm:0.28.0":
  version: 0.28.0
  resolution: "@esbuild/android-arm@npm:0.28.0"
  conditions: os=android & cpu=arm
  languageName: node
  linkType: hard

"@esbuild/android-x64@npm:0.28.0":
  version: 0.28.0
  resolution: "@esbuild/android-x64@npm:0.28.0"
  conditions: os=android & cpu=x64
  languageName: node
  linkType: hard

"@esbuild/darwin-arm64@npm:0.28.0":
  version: 0.28.0
  resolution: "@esbuild/darwin-arm64@npm:0.28.0"
  conditions: os=darwin & cpu=arm64
  languageName: node
  linkType: hard

"@esbuild/darwin-x64@npm:0.28.0":
  version: 0.28.0
  resolution: "@esbuild/darwin-x64@npm:0.28.0"
  conditions: os=darwin & cpu=x64
  languageName: node
  linkType: hard

"@esbuild/freebsd-arm64@npm:0.28.0":
  version: 0.28.0
  resolution: "@esbuild/freebsd-arm64@npm:0.28.0"
  conditions: os=freebsd & cpu=arm64
  languageName: node
  linkType: hard

"@esbuild/freebsd-x64@npm:0.28.0":
  version: 0.28.0
  resolution: "@esbuild/freebsd-x64@npm:0.28.0"
  conditions: os=freebsd & cpu=x64
  languageName: node
  linkType: hard

"@esbuild/linux-arm64@npm:0.28.0":
  version: 0.28.0
  resolution: "@esbuild/linux-arm64@npm:0.28.0"
  conditions: os=linux & cpu=arm64
  languageName: node
  linkType: hard

"@esbuild/linux-arm@npm:0.28.0":
  version: 0.28.0
  resolution: "@esbuild/linux-arm@npm:0.28.0"
  conditions: os=linux & cpu=arm
  languageName: node
  linkType: hard

"@esbuild/linux-ia32@npm:0.28.0":
  version: 0.28.0
  resolution: "@esbuild/linux-ia32@npm:0.28.0"
  conditions: os=linux & cpu=ia32
  languageName: node
  linkType: hard

"@esbuild/linux-loong64@npm:0.28.0":
  version: 0.28.0
  resolution: "@esbuild/linux-loong64@npm:0.28.0"
  conditions: os=linux & cpu=loong64
  languageName: node
  linkType: hard

"@esbuild/linux-mips64el@npm:0.28.0":
  version: 0.28.0
  resolution: "@esbuild/linux-mips64el@npm:0.28.0"
  conditions: os=linux & cpu=mips64el
  languageName: node
  linkType: hard

"@esbuild/linux-ppc64@npm:0.28.0":
  version: 0.28.0
  resolution: "@esbuild/linux-ppc64@npm:0.28.0"
  conditions: os=linux & cpu=ppc64
  languageName: node
  linkType: hard

"@esbuild/linux-riscv64@npm:0.28.0":
  version: 0.28.0
  resolution: "@esbuild/linux-riscv64@npm:0.28.0"
  conditions: os=linux & cpu=riscv64
  languageName: node
  linkType: hard

"@esbuild/linux-s390x@npm:0.28.0":
  version: 0.28.0
  resolution: "@esbuild/linux-s390x@npm:0.28.0"
  conditions: os=linux & cpu=s390x
  languageName: node
  linkType: hard

"@esbuild/linux-x64@npm:0.28.0":
  version: 0.28.0
  resolution: "@esbuild/linux-x64@npm:0.28.0"
  conditions: os=linux & cpu=x64
  languageName: node
  linkType: hard

"@esbuild/netbsd-arm64@npm:0.28.0":
  version: 0.28.0
  resolution: "@esbuild/netbsd-arm64@npm:0.28.0"
  conditions: os=netbsd & cpu=arm64
  languageName: node
  linkType: hard

"@esbuild/netbsd-x64@npm:0.28.0":
  version: 0.28.0
  resolution: "@esbuild/netbsd-x64@npm:0.28.0"
  conditions: os=netbsd & cpu=x64
  languageName: node
  linkType: hard

"@esbuild/openbsd-arm64@npm:0.28.0":
  version: 0.28.0
  resolution: "@esbuild/openbsd-arm64@npm:0.28.0"
  conditions: os=openbsd & cpu=arm64
  languageName: node
  linkType: hard

"@esbuild/openbsd-x64@npm:0.28.0":
  version: 0.28.0
  resolution: "@esbuild/openbsd-x64@npm:0.28.0"
  conditions: os=openbsd & cpu=x64
  languageName: node
  linkType: hard

"@esbuild/openharmony-arm64@npm:0.28.0":
  version: 0.28.0
  resolution: "@esbuild/openharmony-arm64@npm:0.28.0"
  conditions: os=openharmony & cpu=arm64
  languageName: node
  linkType: hard

"@esbuild/sunos-x64@npm:0.28.0":
  version: 0.28.0
  resolution: "@esbuild/sunos-x64@npm:0.28.0"
  conditions: os=sunos & cpu=x64
  languageName: node
  linkType: hard

"@esbuild/win32-arm64@npm:0.28.0":
  version: 0.28.0
  resolution: "@esbuild/win32-arm64@npm:0.28.0"
  conditions: os=win32 & cpu=arm64
  languageName: node
  linkType: hard

"@esbuild/win32-ia32@npm:0.28.0":
  version: 0.28.0
  resolution: "@esbuild/win32-ia32@npm:0.28.0"
  conditions: os=win32 & cpu=ia32
  languageName: node
  linkType: hard

"@esbuild/win32-x64@npm:0.28.0":
  version: 0.28.0
  resolution: "@esbuild/win32-x64@npm:0.28.0"
  conditions: os=win32 & cpu=x64
  languageName: node
  linkType: hard

"@girs/accountsservice-1.0@npm:^4.7.0":
  version: 4.7.0
  resolution: "@girs/accountsservice-1.0@npm:4.7.0"
  dependencies:
    "@girs/gio-2.0": "npm:^4.7.0"
    "@girs/gjs": "npm:^4.7.0"
    "@girs/glib-2.0": "npm:^4.7.0"
    "@girs/gmodule-2.0": "npm:^4.7.0"
    "@girs/gobject-2.0": "npm:^4.7.0"
  checksum: 10/85f0af44c900639b796a6f136e81565553f737f1969ce3c8cd6911d7bfd62d05efe7503e9eed766baf090369d205414f370accf94265c6b58be64cb754ad3ee0
  languageName: node
  linkType: hard

"@girs/adw-1@npm:^4.7.0":
  version: 4.7.0
  resolution: "@girs/adw-1@npm:4.7.0"
  dependencies:
    "@girs/cairo-1.0": "npm:^4.7.0"
    "@girs/freetype2-2.0": "npm:^4.7.0"
    "@girs/gdk-4.0": "npm:^4.7.0"
    "@girs/gdkpixbuf-2.0": "npm:^4.7.0"
    "@girs/gio-2.0": "npm:^4.7.0"
    "@girs/gjs": "npm:^4.7.0"
    "@girs/glib-2.0": "npm:^4.7.0"
    "@girs/gmodule-2.0": "npm:^4.7.0"
    "@girs/gobject-2.0": "npm:^4.7.0"
    "@girs/graphene-1.0": "npm:^4.7.0"
    "@girs/gsk-4.0": "npm:^4.7.0"
    "@girs/gtk-4.0": "npm:^4.7.0"
    "@girs/harfbuzz-0.0": "npm:^4.7.0"
    "@girs/pango-1.0": "npm:^4.7.0"
    "@girs/pangocairo-1.0": "npm:^4.7.0"
  checksum: 10/21504ffe2c546f1fd6b50330c55f8a7fcbdb6735fa3c6c05c9e4bd82989f0ddf01287a73713c56711066ac05bc8f437cadd9fce5839242c58280f9a112c4a2c1
  languageName: node
  linkType: hard

"@girs/atk-1.0@npm:^4.7.0":
  version: 4.7.0
  resolution: "@girs/atk-1.0@npm:4.7.0"
  dependencies:
    "@girs/gjs": "npm:^4.7.0"
    "@girs/glib-2.0": "npm:^4.7.0"
    "@girs/gobject-2.0": "npm:^4.7.0"
  checksum: 10/476b4200d333c8fb79d34e0853317ba555649df1b2a16fec3c8330ad8dab166b4edb67b7276b5b1a997456d462bfce8436b6ea060fc54419cd8b510631b6f5f0
  languageName: node
  linkType: hard

"@girs/cairo-1.0@npm:^4.7.0":
  version: 4.7.0
  resolution: "@girs/cairo-1.0@npm:4.7.0"
  dependencies:
    "@girs/gjs": "npm:^4.7.0"
    "@girs/glib-2.0": "npm:^4.7.0"
    "@girs/gobject-2.0": "npm:^4.7.0"
  checksum: 10/0500065460133d810e1a9488b4f0659080ac456d4a896242dc5f5c743cc6953b3f03ac2ea6de3e9b737c2d017b129b96636e6a7254e83e3c103c016547f70660
  languageName: node
  linkType: hard

"@girs/clutter-18@npm:^4.7.0":
  version: 4.7.0
  resolution: "@girs/clutter-18@npm:4.7.0"
  dependencies:
    "@girs/atk-1.0": "npm:^4.7.0"
    "@girs/cairo-1.0": "npm:^4.7.0"
    "@girs/cogl-18": "npm:^4.7.0"
    "@girs/freetype2-2.0": "npm:^4.7.0"
    "@girs/gio-2.0": "npm:^4.7.0"
    "@girs/gjs": "npm:^4.7.0"
    "@girs/gl-1.0": "npm:^4.7.0"
    "@girs/glib-2.0": "npm:^4.7.0"
    "@girs/gmodule-2.0": "npm:^4.7.0"
    "@girs/gobject-2.0": "npm:^4.7.0"
    "@girs/graphene-1.0": "npm:^4.7.0"
    "@girs/harfbuzz-0.0": "npm:^4.7.0"
    "@girs/mtk-18": "npm:^4.7.0"
    "@girs/pango-1.0": "npm:^4.7.0"
  checksum: 10/be36e7cfda2a09ce2d2c59f234d2fe80b24498a3b905f570f0a8dbac6e41a0d513b477608ff4e139f94113ad488d318131864b5dbb192065a46524aa1468f23f
  languageName: node
  linkType: hard

"@girs/cogl-18@npm:^4.7.0":
  version: 4.7.0
  resolution: "@girs/cogl-18@npm:4.7.0"
  dependencies:
    "@girs/gjs": "npm:^4.7.0"
    "@girs/gl-1.0": "npm:^4.7.0"
    "@girs/glib-2.0": "npm:^4.7.0"
    "@girs/gobject-2.0": "npm:^4.7.0"
    "@girs/graphene-1.0": "npm:^4.7.0"
    "@girs/mtk-18": "npm:^4.7.0"
  checksum: 10/53ee3d808af9b80d41382994774e677c0c0b6c5387af1440e8a8b42605fa0b954b07ac428db2585bd347dcb0b009a57426b9e86e7f72066a6a6c52d8d6e3c606
  languageName: node
  linkType: hard

"@girs/freetype2-2.0@npm:^4.7.0":
  version: 4.7.0
  resolution: "@girs/freetype2-2.0@npm:4.7.0"
  dependencies:
    "@girs/gjs": "npm:^4.7.0"
    "@girs/gobject-2.0": "npm:^4.7.0"
  checksum: 10/554840012fa7bd743496db4086bbcc7f95f8ec9e94f7714beec8eb933fb97ff608f30151a46bb9fe00e244b0ceb4f52f8fc23921c035d83f58e7e866cf7955e0
  languageName: node
  linkType: hard

"@girs/gck-2@npm:^4.7.0":
  version: 4.7.0
  resolution: "@girs/gck-2@npm:4.7.0"
  dependencies:
    "@girs/gio-2.0": "npm:^4.7.0"
    "@girs/gjs": "npm:^4.7.0"
    "@girs/glib-2.0": "npm:^4.7.0"
    "@girs/gmodule-2.0": "npm:^4.7.0"
    "@girs/gobject-2.0": "npm:^4.7.0"
  checksum: 10/fb5e80294e35d61696da9dde5788b8655015cb871bf3a4800fb53354eac1135efccb5d4c391fffe5788e66caa75ab1de4858c9fd070c1f3ad7cfb18160c992ee
  languageName: node
  linkType: hard

"@girs/gcr-4@npm:^4.7.0":
  version: 4.7.0
  resolution: "@girs/gcr-4@npm:4.7.0"
  dependencies:
    "@girs/gck-2": "npm:^4.7.0"
    "@girs/gio-2.0": "npm:^4.7.0"
    "@girs/gjs": "npm:^4.7.0"
    "@girs/glib-2.0": "npm:^4.7.0"
    "@girs/gmodule-2.0": "npm:^4.7.0"
    "@girs/gobject-2.0": "npm:^4.7.0"
  checksum: 10/0bce0296222db1699d052fb2da787a8112a9038e6e5e4f74661dfd6f74dd19a84d644810373b935be3e04f8de34e9e79dc4b8284482298d0fe842a46a3ca1a02
  languageName: node
  linkType: hard

"@girs/gdesktopenums-3.0@npm:^4.7.0":
  version: 4.7.0
  resolution: "@girs/gdesktopenums-3.0@npm:4.7.0"
  dependencies:
    "@girs/gjs": "npm:^4.7.0"
    "@girs/gobject-2.0": "npm:^4.7.0"
  checksum: 10/867dddcde7da6fad2bacad2bb4f86fc9ca7e5e292b0719f78daf120a6754fa5404ef4fcb6d9b2d37aedd38a51ba45278ef763f32d89d614772172637d9859abc
  languageName: node
  linkType: hard

"@girs/gdk-4.0@npm:^4.7.0":
  version: 4.7.0
  resolution: "@girs/gdk-4.0@npm:4.7.0"
  dependencies:
    "@girs/cairo-1.0": "npm:^4.7.0"
    "@girs/freetype2-2.0": "npm:^4.7.0"
    "@girs/gdkpixbuf-2.0": "npm:^4.7.0"
    "@girs/gio-2.0": "npm:^4.7.0"
    "@girs/gjs": "npm:^4.7.0"
    "@girs/glib-2.0": "npm:^4.7.0"
    "@girs/gmodule-2.0": "npm:^4.7.0"
    "@girs/gobject-2.0": "npm:^4.7.0"
    "@girs/harfbuzz-0.0": "npm:^4.7.0"
    "@girs/pango-1.0": "npm:^4.7.0"
    "@girs/pangocairo-1.0": "npm:^4.7.0"
  checksum: 10/7efe80b223b2e7b755c0ec5ba4dd047f4fee395d7779dc8e89b63414bdc52e2d4870accf2893f842ff2d22bb4a0cc9a9e43ca5f3c03974f2fe260e09362f56ab
  languageName: node
  linkType: hard

"@girs/gdkpixbuf-2.0@npm:^4.7.0":
  version: 4.7.0
  resolution: "@girs/gdkpixbuf-2.0@npm:4.7.0"
  dependencies:
    "@girs/gio-2.0": "npm:^4.7.0"
    "@girs/gjs": "npm:^4.7.0"
    "@girs/glib-2.0": "npm:^4.7.0"
    "@girs/gmodule-2.0": "npm:^4.7.0"
    "@girs/gobject-2.0": "npm:^4.7.0"
  checksum: 10/c39a9b930eeada77523a98571aaa8e86845c646e50ea454551186eac759b8e2cfa65015d22e44b7dddeda18e19cd831f98ab7ecb3d14f3d4f97cd5fe25c8788c
  languageName: node
  linkType: hard

"@girs/gdm-1.0@npm:^4.7.0":
  version: 4.7.0
  resolution: "@girs/gdm-1.0@npm:4.7.0"
  dependencies:
    "@girs/gio-2.0": "npm:^4.7.0"
    "@girs/gjs": "npm:^4.7.0"
    "@girs/glib-2.0": "npm:^4.7.0"
    "@girs/gmodule-2.0": "npm:^4.7.0"
    "@girs/gobject-2.0": "npm:^4.7.0"
  checksum: 10/9839e74736d8cc10153d0153cdc960b4105761961d41cf86f43eb7cbffd0a5e895120af5eb490ddf99a66da39fe0abd976bde438417c46ffecbf74d14807baca
  languageName: node
  linkType: hard

"@girs/gio-2.0@npm:^4.7.0":
  version: 4.7.0
  resolution: "@girs/gio-2.0@npm:4.7.0"
  dependencies:
    "@girs/gjs": "npm:^4.7.0"
    "@girs/glib-2.0": "npm:^4.7.0"
    "@girs/gmodule-2.0": "npm:^4.7.0"
    "@girs/gobject-2.0": "npm:^4.7.0"
  checksum: 10/8451313ab66ec1da5d8c05cebc00b989f06ada4886fb4242627e1c4bd42fd0375e25736e08969443fab8b6d76f71442b9d69cec1d8722cbe6070422625ae5c59
  languageName: node
  linkType: hard

"@girs/giounix-2.0@npm:^4.7.0":
  version: 4.7.0
  resolution: "@girs/giounix-2.0@npm:4.7.0"
  dependencies:
    "@girs/gio-2.0": "npm:^4.7.0"
    "@girs/gjs": "npm:^4.7.0"
    "@girs/glib-2.0": "npm:^4.7.0"
    "@girs/gmodule-2.0": "npm:^4.7.0"
    "@girs/gobject-2.0": "npm:^4.7.0"
  checksum: 10/f42341a3da138e79692fd4b123989d04e8b695a2ea3ec78bd79a6a945bf0ffab9a158cac6b080aaf5a99f97abb4b6a05230599a5e4217bf35ea18326e3e933a2
  languageName: node
  linkType: hard

"@girs/gjs@npm:^4.7.0":
  version: 4.7.0
  resolution: "@girs/gjs@npm:4.7.0"
  dependencies:
    "@girs/cairo-1.0": "npm:^4.7.0"
    "@girs/gio-2.0": "npm:^4.7.0"
    "@girs/glib-2.0": "npm:^4.7.0"
    "@girs/gobject-2.0": "npm:^4.7.0"
  checksum: 10/7c9720b42009a154cfb1650f434d67ec0a794b69403d1fc982a4cc388179b25a03b752d8c00105c57e0dee5fbecf73da15697326df3c0351504fd1045bf5dd6c
  languageName: node
  linkType: hard

"@girs/gl-1.0@npm:^4.7.0":
  version: 4.7.0
  resolution: "@girs/gl-1.0@npm:4.7.0"
  dependencies:
    "@girs/gjs": "npm:^4.7.0"
    "@girs/gobject-2.0": "npm:^4.7.0"
  checksum: 10/d2fd8dc2e435a1e69edd2a2d0fdb574576c813e35c01cb4f87008942ad50f9d56ced6a70cc6d78742591abb020876d3cbd105170253d4deb9fba66c09e10621e
  languageName: node
  linkType: hard

"@girs/glib-2.0@npm:^4.7.0":
  version: 4.7.0
  resolution: "@girs/glib-2.0@npm:4.7.0"
  dependencies:
    "@girs/gjs": "npm:^4.7.0"
    "@girs/gobject-2.0": "npm:^4.7.0"
  checksum: 10/196108ef594de8efb0cfa8f0064969651c12105ae26a3f367c9f3595c2f2081e60d5f01d08fa0553f3c5202368bbbacca970eb35b929c4cd5e7711838cd9bc18
  languageName: node
  linkType: hard

"@girs/gmodule-2.0@npm:^4.7.0":
  version: 4.7.0
  resolution: "@girs/gmodule-2.0@npm:4.7.0"
  dependencies:
    "@girs/gjs": "npm:^4.7.0"
    "@girs/glib-2.0": "npm:^4.7.0"
    "@girs/gobject-2.0": "npm:^4.7.0"
  checksum: 10/b7ad051cab40253b9b16c7f9e0606a63cce4600f243cd449713489623cda82b3d94ba0775dac4eb21821695c282434999acdd0266179c712fda5080523cd46df
  languageName: node
  linkType: hard

"@girs/gnome-shell@workspace:^, @girs/gnome-shell@workspace:packages/gnome-shell":
  version: 0.0.0-use.local
  resolution: "@girs/gnome-shell@workspace:packages/gnome-shell"
  dependencies:
    "@girs/accountsservice-1.0": "npm:^4.7.0"
    "@girs/adw-1": "npm:^4.7.0"
    "@girs/atk-1.0": "npm:^4.7.0"
    "@girs/clutter-18": "npm:^4.7.0"
    "@girs/cogl-18": "npm:^4.7.0"
    "@girs/gcr-4": "npm:^4.7.0"
    "@girs/gdm-1.0": "npm:^4.7.0"
    "@girs/gio-2.0": "npm:^4.7.0"
    "@girs/giounix-2.0": "npm:^4.7.0"
    "@girs/gjs": "npm:^4.7.0"
    "@girs/glib-2.0": "npm:^4.7.0"
    "@girs/gnomebg-4.0": "npm:^4.7.0"
    "@girs/gnomebluetooth-3.0": "npm:^4.7.0"
    "@girs/gnomedesktop-4.0": "npm:^4.7.0"
    "@girs/gobject-2.0": "npm:^4.7.0"
    "@girs/gtk-4.0": "npm:^4.7.0"
    "@girs/gvc-1.0": "npm:^4.7.0"
    "@girs/meta-18": "npm:^4.7.0"
    "@girs/mtk-18": "npm:^4.7.0"
    "@girs/polkit-1.0": "npm:^4.7.0"
    "@girs/shell-18": "npm:^4.7.0"
    "@girs/shew-0": "npm:^4.7.0"
    "@girs/st-18": "npm:^4.7.0"
    "@girs/upowerglib-1.0": "npm:^4.7.0"
    "@tsconfig/strictest": "npm:^2.0.8"
    typescript: "npm:^6.0.3"
  languageName: unknown
  linkType: soft

"@girs/gnomebg-4.0@npm:^4.7.0":
  version: 4.7.0
  resolution: "@girs/gnomebg-4.0@npm:4.7.0"
  dependencies:
    "@girs/cairo-1.0": "npm:^4.7.0"
    "@girs/freetype2-2.0": "npm:^4.7.0"
    "@girs/gdesktopenums-3.0": "npm:^4.7.0"
    "@girs/gdk-4.0": "npm:^4.7.0"
    "@girs/gdkpixbuf-2.0": "npm:^4.7.0"
    "@girs/gio-2.0": "npm:^4.7.0"
    "@girs/gjs": "npm:^4.7.0"
    "@girs/glib-2.0": "npm:^4.7.0"
    "@girs/gmodule-2.0": "npm:^4.7.0"
    "@girs/gnomedesktop-4.0": "npm:^4.7.0"
    "@girs/gobject-2.0": "npm:^4.7.0"
    "@girs/harfbuzz-0.0": "npm:^4.7.0"
    "@girs/pango-1.0": "npm:^4.7.0"
    "@girs/pangocairo-1.0": "npm:^4.7.0"
  checksum: 10/9a91c80f307fb3a88a16a2169e8dfc4469f5090d2dff6bf9f71a793eeb4d4e8bee41fbce28d4a41665fb80c25315e6ac17c24e27e4a6337391e0927688b45437
  languageName: node
  linkType: hard

"@girs/gnomebluetooth-3.0@npm:^4.7.0":
  version: 4.7.0
  resolution: "@girs/gnomebluetooth-3.0@npm:4.7.0"
  dependencies:
    "@girs/gio-2.0": "npm:^4.7.0"
    "@girs/gjs": "npm:^4.7.0"
    "@girs/glib-2.0": "npm:^4.7.0"
    "@girs/gmodule-2.0": "npm:^4.7.0"
    "@girs/gobject-2.0": "npm:^4.7.0"
  checksum: 10/1410ff2f0049c0a53b251630301d3bee088afeac1b29c3a5cd1fb50b2b4f81dc9aeba78c765c0346b1e33120d8cf3b692d2a6a8881ebc8af74d6d1c9e94f7ce1
  languageName: node
  linkType: hard

"@girs/gnomedesktop-4.0@npm:^4.7.0":
  version: 4.7.0
  resolution: "@girs/gnomedesktop-4.0@npm:4.7.0"
  dependencies:
    "@girs/gdesktopenums-3.0": "npm:^4.7.0"
    "@girs/gdkpixbuf-2.0": "npm:^4.7.0"
    "@girs/gio-2.0": "npm:^4.7.0"
    "@girs/gjs": "npm:^4.7.0"
    "@girs/glib-2.0": "npm:^4.7.0"
    "@girs/gmodule-2.0": "npm:^4.7.0"
    "@girs/gobject-2.0": "npm:^4.7.0"
  checksum: 10/cce81f1aa842263a7cab98e47874a14c746daedd6cc79a7bc4afacf7c3cda47433e6819f4624c3618778fd1917b20ad0ba3f37cc33d00e064e59ffa3fbbd2b50
  languageName: node
  linkType: hard

"@girs/gobject-2.0@npm:^4.7.0":
  version: 4.7.0
  resolution: "@girs/gobject-2.0@npm:4.7.0"
  dependencies:
    "@girs/gjs": "npm:^4.7.0"
    "@girs/glib-2.0": "npm:^4.7.0"
  checksum: 10/035219681534a8d63445bf88e7098679dc890bb1d638568e4c7f3c49abee688fc649f29ab03ba2331b9eef5a10b6b5af4e2a9b6720a3094061a494756e3ae719
  languageName: node
  linkType: hard

"@girs/graphene-1.0@npm:^4.7.0":
  version: 4.7.0
  resolution: "@girs/graphene-1.0@npm:4.7.0"
  dependencies:
    "@girs/gjs": "npm:^4.7.0"
    "@girs/glib-2.0": "npm:^4.7.0"
    "@girs/gobject-2.0": "npm:^4.7.0"
  checksum: 10/d87975931c1c48e01992b5fa07c5a0f2f563312298101de1f8e8af9229dd8fc28b709e02c5bcd66560c8af9cc29e6d61cad13a8fafe5d3875743768fa8f2bf87
  languageName: node
  linkType: hard

"@girs/gsk-4.0@npm:^4.7.0":
  version: 4.7.0
  resolution: "@girs/gsk-4.0@npm:4.7.0"
  dependencies:
    "@girs/cairo-1.0": "npm:^4.7.0"
    "@girs/freetype2-2.0": "npm:^4.7.0"
    "@girs/gdk-4.0": "npm:^4.7.0"
    "@girs/gdkpixbuf-2.0": "npm:^4.7.0"
    "@girs/gio-2.0": "npm:^4.7.0"
    "@girs/gjs": "npm:^4.7.0"
    "@girs/glib-2.0": "npm:^4.7.0"
    "@girs/gmodule-2.0": "npm:^4.7.0"
    "@girs/gobject-2.0": "npm:^4.7.0"
    "@girs/graphene-1.0": "npm:^4.7.0"
    "@girs/harfbuzz-0.0": "npm:^4.7.0"
    "@girs/pango-1.0": "npm:^4.7.0"
    "@girs/pangocairo-1.0": "npm:^4.7.0"
  checksum: 10/945e9bcdeeafb5df420d5307da71c5ab396b210f20e1cf068e1eeeceae6ea478b0187595b4d79c80e88fe314a430bf1a69348abd2bd2acd3cd91a9dd618572db
  languageName: node
  linkType: hard

"@girs/gtk-4.0@npm:^4.7.0":
  version: 4.7.0
  resolution: "@girs/gtk-4.0@npm:4.7.0"
  dependencies:
    "@girs/cairo-1.0": "npm:^4.7.0"
    "@girs/freetype2-2.0": "npm:^4.7.0"
    "@girs/gdk-4.0": "npm:^4.7.0"
    "@girs/gdkpixbuf-2.0": "npm:^4.7.0"
    "@girs/gio-2.0": "npm:^4.7.0"
    "@girs/gjs": "npm:^4.7.0"
    "@girs/glib-2.0": "npm:^4.7.0"
    "@girs/gmodule-2.0": "npm:^4.7.0"
    "@girs/gobject-2.0": "npm:^4.7.0"
    "@girs/graphene-1.0": "npm:^4.7.0"
    "@girs/gsk-4.0": "npm:^4.7.0"
    "@girs/harfbuzz-0.0": "npm:^4.7.0"
    "@girs/pango-1.0": "npm:^4.7.0"
    "@girs/pangocairo-1.0": "npm:^4.7.0"
  checksum: 10/d7871b3f5f8c57e4c22752cb3a0020a0cd821f5353ad3c8207a47df64938f4b77c0cbe3eeb38727910c24a287cfb2fd2ded99e8412137468f69a0d5bbf40a2e0
  languageName: node
  linkType: hard

"@girs/gvc-1.0@npm:^4.7.0":
  version: 4.7.0
  resolution: "@girs/gvc-1.0@npm:4.7.0"
  dependencies:
    "@girs/gio-2.0": "npm:^4.7.0"
    "@girs/gjs": "npm:^4.7.0"
    "@girs/glib-2.0": "npm:^4.7.0"
    "@girs/gmodule-2.0": "npm:^4.7.0"
    "@girs/gobject-2.0": "npm:^4.7.0"
  checksum: 10/b6cf78303e55cc3b57cdc0adfb1c1ccfecd1adc0c0dcbbf5b03d532ca28e1d5f3ffe3577697c76c0cb78e50dbb17fe073b5d60cac160141d441f3cb5acfe845e
  languageName: node
  linkType: hard

"@girs/harfbuzz-0.0@npm:^4.7.0":
  version: 4.7.0
  resolution: "@girs/harfbuzz-0.0@npm:4.7.0"
  dependencies:
    "@girs/freetype2-2.0": "npm:^4.7.0"
    "@girs/gjs": "npm:^4.7.0"
    "@girs/glib-2.0": "npm:^4.7.0"
    "@girs/gobject-2.0": "npm:^4.7.0"
  checksum: 10/0434dde979c6394d3bfce7b8c65247e6d6596033fabc3e416ff435e6e5f7195c45d4698608e7080d08c8064c20cc522e9a25d313a101959503e8fff696b63c14
  languageName: node
  linkType: hard

"@girs/meta-18@npm:^4.7.0":
  version: 4.7.0
  resolution: "@girs/meta-18@npm:4.7.0"
  dependencies:
    "@girs/atk-1.0": "npm:^4.7.0"
    "@girs/cairo-1.0": "npm:^4.7.0"
    "@girs/clutter-18": "npm:^4.7.0"
    "@girs/cogl-18": "npm:^4.7.0"
    "@girs/freetype2-2.0": "npm:^4.7.0"
    "@girs/gdesktopenums-3.0": "npm:^4.7.0"
    "@girs/gio-2.0": "npm:^4.7.0"
    "@girs/gjs": "npm:^4.7.0"
    "@girs/gl-1.0": "npm:^4.7.0"
    "@girs/glib-2.0": "npm:^4.7.0"
    "@girs/gmodule-2.0": "npm:^4.7.0"
    "@girs/gobject-2.0": "npm:^4.7.0"
    "@girs/graphene-1.0": "npm:^4.7.0"
    "@girs/harfbuzz-0.0": "npm:^4.7.0"
    "@girs/mtk-18": "npm:^4.7.0"
    "@girs/pango-1.0": "npm:^4.7.0"
    "@girs/xfixes-4.0": "npm:^4.7.0"
    "@girs/xlib-2.0": "npm:^4.7.0"
  checksum: 10/ae723e25daadfc495e97a6df1ffdf1a376248aa40a519f4b3e2e2259832e488b64836f995d6457fb6bc1fb1c5e0cc6c5fabe13d586d91999741e12c98eb79386
  languageName: node
  linkType: hard

"@girs/mtk-18@npm:^4.7.0":
  version: 4.7.0
  resolution: "@girs/mtk-18@npm:4.7.0"
  dependencies:
    "@girs/gjs": "npm:^4.7.0"
    "@girs/glib-2.0": "npm:^4.7.0"
    "@girs/gobject-2.0": "npm:^4.7.0"
    "@girs/graphene-1.0": "npm:^4.7.0"
  checksum: 10/cda9f1f8b21d6010d5744e78f514c0b831c680a9f85085b4f9141643d82ab89310ee1d790d3dbdae57c00f805f95025d235752d071363599d18931b47307b347
  languageName: node
  linkType: hard

"@girs/nm-1.0@npm:^4.7.0":
  version: 4.7.0
  resolution: "@girs/nm-1.0@npm:4.7.0"
  dependencies:
    "@girs/gio-2.0": "npm:^4.7.0"
    "@girs/gjs": "npm:^4.7.0"
    "@girs/glib-2.0": "npm:^4.7.0"
    "@girs/gmodule-2.0": "npm:^4.7.0"
    "@girs/gobject-2.0": "npm:^4.7.0"
  checksum: 10/9203b0a1d9915e8f92fab4876d375b52617a260a104e3846afd66fcd3258c1c03e04892b4a79a76b4a65d8ee9ff24842f527de9ee5eafc07c1bfb6f610d4409b
  languageName: node
  linkType: hard

"@girs/pango-1.0@npm:^4.7.0":
  version: 4.7.0
  resolution: "@girs/pango-1.0@npm:4.7.0"
  dependencies:
    "@girs/cairo-1.0": "npm:^4.7.0"
    "@girs/freetype2-2.0": "npm:^4.7.0"
    "@girs/gio-2.0": "npm:^4.7.0"
    "@girs/gjs": "npm:^4.7.0"
    "@girs/glib-2.0": "npm:^4.7.0"
    "@girs/gmodule-2.0": "npm:^4.7.0"
    "@girs/gobject-2.0": "npm:^4.7.0"
    "@girs/harfbuzz-0.0": "npm:^4.7.0"
  checksum: 10/c239151b3f43e172ba3dd707d08854c49722fbbaf5d810206d64c8a610aa86989b1fe3dcb9feed480b59c610544709663908961b5760d6cb3b88fa71c2922e8f
  languageName: node
  linkType: hard

"@girs/pangocairo-1.0@npm:^4.7.0":
  version: 4.7.0
  resolution: "@girs/pangocairo-1.0@npm:4.7.0"
  dependencies:
    "@girs/cairo-1.0": "npm:^4.7.0"
    "@girs/freetype2-2.0": "npm:^4.7.0"
    "@girs/gio-2.0": "npm:^4.7.0"
    "@girs/gjs": "npm:^4.7.0"
    "@girs/glib-2.0": "npm:^4.7.0"
    "@girs/gmodule-2.0": "npm:^4.7.0"
    "@girs/gobject-2.0": "npm:^4.7.0"
    "@girs/harfbuzz-0.0": "npm:^4.7.0"
    "@girs/pango-1.0": "npm:^4.7.0"
  checksum: 10/118fb1343dbf8129ade281efe5b10ba2aa10cb91f24c3181112de031af004c404f1139f5a6198eebc512dc897c560d6392615273043a8a869475558c640758e7
  languageName: node
  linkType: hard

"@girs/polkit-1.0@npm:^4.7.0":
  version: 4.7.0
  resolution: "@girs/polkit-1.0@npm:4.7.0"
  dependencies:
    "@girs/gio-2.0": "npm:^4.7.0"
    "@girs/gjs": "npm:^4.7.0"
    "@girs/glib-2.0": "npm:^4.7.0"
    "@girs/gmodule-2.0": "npm:^4.7.0"
    "@girs/gobject-2.0": "npm:^4.7.0"
  checksum: 10/7102d2742130b8e42b3559b86820d55c41070626eb61ab6c7905b02208ada99abde71d2e1c2c03acc8017f721d25065860005e1d814e2d501036d46ef7f80d1d
  languageName: node
  linkType: hard

"@girs/polkitagent-1.0@npm:^4.7.0":
  version: 4.7.0
  resolution: "@girs/polkitagent-1.0@npm:4.7.0"
  dependencies:
    "@girs/gio-2.0": "npm:^4.7.0"
    "@girs/gjs": "npm:^4.7.0"
    "@girs/glib-2.0": "npm:^4.7.0"
    "@girs/gmodule-2.0": "npm:^4.7.0"
    "@girs/gobject-2.0": "npm:^4.7.0"
    "@girs/polkit-1.0": "npm:^4.7.0"
  checksum: 10/03c3aeef460cd453b00f4c90e1b878061d33614ca9198d9c9a7ac514882df0239752506874e15343d9b33cfcfe2a9e62349e398b394f2e9c6478d7309fe75327
  languageName: node
  linkType: hard

"@girs/shell-18@npm:^4.7.0":
  version: 4.7.0
  resolution: "@girs/shell-18@npm:4.7.0"
  dependencies:
    "@girs/atk-1.0": "npm:^4.7.0"
    "@girs/cairo-1.0": "npm:^4.7.0"
    "@girs/clutter-18": "npm:^4.7.0"
    "@girs/cogl-18": "npm:^4.7.0"
    "@girs/freetype2-2.0": "npm:^4.7.0"
    "@girs/gck-2": "npm:^4.7.0"
    "@girs/gcr-4": "npm:^4.7.0"
    "@girs/gdesktopenums-3.0": "npm:^4.7.0"
    "@girs/gdkpixbuf-2.0": "npm:^4.7.0"
    "@girs/gio-2.0": "npm:^4.7.0"
    "@girs/giounix-2.0": "npm:^4.7.0"
    "@girs/gjs": "npm:^4.7.0"
    "@girs/gl-1.0": "npm:^4.7.0"
    "@girs/glib-2.0": "npm:^4.7.0"
    "@girs/gmodule-2.0": "npm:^4.7.0"
    "@girs/gobject-2.0": "npm:^4.7.0"
    "@girs/graphene-1.0": "npm:^4.7.0"
    "@girs/gvc-1.0": "npm:^4.7.0"
    "@girs/harfbuzz-0.0": "npm:^4.7.0"
    "@girs/meta-18": "npm:^4.7.0"
    "@girs/mtk-18": "npm:^4.7.0"
    "@girs/nm-1.0": "npm:^4.7.0"
    "@girs/pango-1.0": "npm:^4.7.0"
    "@girs/polkit-1.0": "npm:^4.7.0"
    "@girs/polkitagent-1.0": "npm:^4.7.0"
    "@girs/st-18": "npm:^4.7.0"
    "@girs/xfixes-4.0": "npm:^4.7.0"
    "@girs/xlib-2.0": "npm:^4.7.0"
  checksum: 10/2382b45b56eb82140fccbc6f78c16a248d50aa924c60e58a8c9df818542194274eeec294fc2b6988f0cb5377e8d0b2ee8c0ca5a356011120966c2045b4987274
  languageName: node
  linkType: hard

"@girs/shew-0@npm:^4.7.0":
  version: 4.7.0
  resolution: "@girs/shew-0@npm:4.7.0"
  dependencies:
    "@girs/cairo-1.0": "npm:^4.7.0"
    "@girs/freetype2-2.0": "npm:^4.7.0"
    "@girs/gdk-4.0": "npm:^4.7.0"
    "@girs/gdkpixbuf-2.0": "npm:^4.7.0"
    "@girs/gio-2.0": "npm:^4.7.0"
    "@girs/gjs": "npm:^4.7.0"
    "@girs/glib-2.0": "npm:^4.7.0"
    "@girs/gmodule-2.0": "npm:^4.7.0"
    "@girs/gobject-2.0": "npm:^4.7.0"
    "@girs/graphene-1.0": "npm:^4.7.0"
    "@girs/gsk-4.0": "npm:^4.7.0"
    "@girs/gtk-4.0": "npm:^4.7.0"
    "@girs/harfbuzz-0.0": "npm:^4.7.0"
    "@girs/pango-1.0": "npm:^4.7.0"
    "@girs/pangocairo-1.0": "npm:^4.7.0"
  checksum: 10/eaf7a91e2102406511620996becd97dfa02f62ef1b0f7ddd16738bdcc9d8ed35c2ece9656e69b6ca6fe16fa51430532c68b7fc63350985891db0950a5f89e9dc
  languageName: node
  linkType: hard

"@girs/st-18@npm:^4.7.0":
  version: 4.7.0
  resolution: "@girs/st-18@npm:4.7.0"
  dependencies:
    "@girs/atk-1.0": "npm:^4.7.0"
    "@girs/cairo-1.0": "npm:^4.7.0"
    "@girs/clutter-18": "npm:^4.7.0"
    "@girs/cogl-18": "npm:^4.7.0"
    "@girs/freetype2-2.0": "npm:^4.7.0"
    "@girs/gdesktopenums-3.0": "npm:^4.7.0"
    "@girs/gdkpixbuf-2.0": "npm:^4.7.0"
    "@girs/gio-2.0": "npm:^4.7.0"
    "@girs/gjs": "npm:^4.7.0"
    "@girs/gl-1.0": "npm:^4.7.0"
    "@girs/glib-2.0": "npm:^4.7.0"
    "@girs/gmodule-2.0": "npm:^4.7.0"
    "@girs/gobject-2.0": "npm:^4.7.0"
    "@girs/graphene-1.0": "npm:^4.7.0"
    "@girs/harfbuzz-0.0": "npm:^4.7.0"
    "@girs/meta-18": "npm:^4.7.0"
    "@girs/mtk-18": "npm:^4.7.0"
    "@girs/pango-1.0": "npm:^4.7.0"
    "@girs/xfixes-4.0": "npm:^4.7.0"
    "@girs/xlib-2.0": "npm:^4.7.0"
  checksum: 10/db2984a27aefe12b020248ed116d9bdfa5e896d15ec6d33d6016c429ec860e9bf1917e66ebf53ddc787b430ecaff81612761b62b3e328ef3d7a37847d897d33e
  languageName: node
  linkType: hard

"@girs/upowerglib-1.0@npm:^4.7.0":
  version: 4.7.0
  resolution: "@girs/upowerglib-1.0@npm:4.7.0"
  dependencies:
    "@girs/gio-2.0": "npm:^4.7.0"
    "@girs/gjs": "npm:^4.7.0"
    "@girs/glib-2.0": "npm:^4.7.0"
    "@girs/gmodule-2.0": "npm:^4.7.0"
    "@girs/gobject-2.0": "npm:^4.7.0"
  checksum: 10/a6a42389de8a5ca0db0a0d67b6ae15817418e09e39c51cc79bb459954f023a8bdbdf1000be72898ea4618fbef5567597dad7d417f0d4258b5ccbbd87cd30aa27
  languageName: node
  linkType: hard

"@girs/xfixes-4.0@npm:^4.7.0":
  version: 4.7.0
  resolution: "@girs/xfixes-4.0@npm:4.7.0"
  dependencies:
    "@girs/gjs": "npm:^4.7.0"
    "@girs/gobject-2.0": "npm:^4.7.0"
  checksum: 10/a4e6b50555d79ca23a2f87d2c0bd26dc07e9ec52e8e272891c0dadda95cc434144237389f36d5d3354cff81e93f952f07142506502fce9615a178294723c2fcf
  languageName: node
  linkType: hard

"@girs/xlib-2.0@npm:^4.7.0":
  version: 4.7.0
  resolution: "@girs/xlib-2.0@npm:4.7.0"
  dependencies:
    "@girs/gjs": "npm:^4.7.0"
    "@girs/gobject-2.0": "npm:^4.7.0"
  checksum: 10/790553120d6ed135aae9f7e131f2dc32613d542baa61c9321b99bfc3b205995ef2a52604a3440eed0f87b0df8c02caf4b9a75c48b98f251897151b5dc81f42ae
  languageName: node
  linkType: hard

"@gjsify/gnome-shell-hello-world-example@workspace:examples/hello-world":
  version: 0.0.0-use.local
  resolution: "@gjsify/gnome-shell-hello-world-example@workspace:examples/hello-world"
  dependencies:
    "@girs/gjs": "npm:^4.7.0"
    "@girs/gnome-shell": "workspace:^"
    "@girs/gobject-2.0": "npm:^4.7.0"
    "@girs/st-18": "npm:^4.7.0"
    "@tsconfig/strictest": "npm:^2.0.8"
    adm-zip: "npm:^0.5.17"
    esbuild: "npm:^0.28.0"
    typescript: "npm:6.0.2"
  languageName: unknown
  linkType: soft

"@tsconfig/strictest@npm:^2.0.8":
  version: 2.0.8
  resolution: "@tsconfig/strictest@npm:2.0.8"
  checksum: 10/74c493af61886c2653df94635ecb79a0d9e61ecc0136475698cfa4adbb8957583497a1907de4ed9882557fd22d187985a4e4ab28290db236d7a0dd8264a6ba44
  languageName: node
  linkType: hard

"adm-zip@npm:^0.5.17":
  version: 0.5.17
  resolution: "adm-zip@npm:0.5.17"
  checksum: 10/035ea96d04376c290bed3401b67d1a2a2654996450ec9056dccc0fb194cb6a956bf7ad388d2648b0e1775338a377805601deca4bcd689658dc1d39247a1e9bdd
  languageName: node
  linkType: hard

"esbuild@npm:^0.28.0":
  version: 0.28.0
  resolution: "esbuild@npm:0.28.0"
  dependencies:
    "@esbuild/aix-ppc64": "npm:0.28.0"
    "@esbuild/android-arm": "npm:0.28.0"
    "@esbuild/android-arm64": "npm:0.28.0"
    "@esbuild/android-x64": "npm:0.28.0"
    "@esbuild/darwin-arm64": "npm:0.28.0"
    "@esbuild/darwin-x64": "npm:0.28.0"
    "@esbuild/freebsd-arm64": "npm:0.28.0"
    "@esbuild/freebsd-x64": "npm:0.28.0"
    "@esbuild/linux-arm": "npm:0.28.0"
    "@esbuild/linux-arm64": "npm:0.28.0"
    "@esbuild/linux-ia32": "npm:0.28.0"
    "@esbuild/linux-loong64": "npm:0.28.0"
    "@esbuild/linux-mips64el": "npm:0.28.0"
    "@esbuild/linux-ppc64": "npm:0.28.0"
    "@esbuild/linux-riscv64": "npm:0.28.0"
    "@esbuild/linux-s390x": "npm:0.28.0"
    "@esbuild/linux-x64": "npm:0.28.0"
    "@esbuild/netbsd-arm64": "npm:0.28.0"
    "@esbuild/netbsd-x64": "npm:0.28.0"
    "@esbuild/openbsd-arm64": "npm:0.28.0"
    "@esbuild/openbsd-x64": "npm:0.28.0"
    "@esbuild/openharmony-arm64": "npm:0.28.0"
    "@esbuild/sunos-x64": "npm:0.28.0"
    "@esbuild/win32-arm64": "npm:0.28.0"
    "@esbuild/win32-ia32": "npm:0.28.0"
    "@esbuild/win32-x64": "npm:0.28.0"
  dependenciesMeta:
    "@esbuild/aix-ppc64":
      optional: true
    "@esbuild/android-arm":
      optional: true
    "@esbuild/android-arm64":
      optional: true
    "@esbuild/android-x64":
      optional: true
    "@esbuild/darwin-arm64":
      optional: true
    "@esbuild/darwin-x64":
      optional: true
    "@esbuild/freebsd-arm64":
      optional: true
    "@esbuild/freebsd-x64":
      optional: true
    "@esbuild/linux-arm":
      optional: true
    "@esbuild/linux-arm64":
      optional: true
    "@esbuild/linux-ia32":
      optional: true
    "@esbuild/linux-loong64":
      optional: true
    "@esbuild/linux-mips64el":
      optional: true
    "@esbuild/linux-ppc64":
      optional: true
    "@esbuild/linux-riscv64":
      optional: true
    "@esbuild/linux-s390x":
      optional: true
    "@esbuild/linux-x64":
      optional: true
    "@esbuild/netbsd-arm64":
      optional: true
    "@esbuild/netbsd-x64":
      optional: true
    "@esbuild/openbsd-arm64":
      optional: true
    "@esbuild/openbsd-x64":
      optional: true
    "@esbuild/openharmony-arm64":
      optional: true
    "@esbuild/sunos-x64":
      optional: true
    "@esbuild/win32-arm64":
      optional: true
    "@esbuild/win32-ia32":
      optional: true
    "@esbuild/win32-x64":
      optional: true
  bin:
    esbuild: bin/esbuild
  checksum: 10/49eafc8906cc4a760a1704556bd3b301f808fcdcf2725190383f151741226bf2a2898a03da75a06a896d6217dadc4f3f3168983557ee31bae602e2e37779a83a
  languageName: node
  linkType: hard

"gnome-shell@workspace:.":
  version: 0.0.0-use.local
  resolution: "gnome-shell@workspace:."
  dependencies:
    prettier: "npm:^3.8.3"
    typescript: "npm:^6.0.3"
  languageName: unknown
  linkType: soft

"prettier@npm:^3.8.3":
  version: 3.8.3
  resolution: "prettier@npm:3.8.3"
  bin:
    prettier: bin/prettier.cjs
  checksum: 10/4b3b12cbb29e4c96bed936e5d070167552500c18d37676fb3e0caae6199c42860662608e4dc116230698f6e2bb0267ef2548158224c92d40f188d309d72fdd6f
  languageName: node
  linkType: hard

"typescript@npm:6.0.2":
  version: 6.0.2
  resolution: "typescript@npm:6.0.2"
  bin:
    tsc: bin/tsc
    tsserver: bin/tsserver
  checksum: 10/b9fc2fcee7ee8e5ca6f5138181964550531e18e2d20ecb71b802d4d495881e3444e0ef94cbb6e84eb2ba41e913f6feae3ca33cc722b32e6e6dfadb32d23b80e6
  languageName: node
  linkType: hard

"typescript@npm:^6.0.3":
  version: 6.0.3
  resolution: "typescript@npm:6.0.3"
  bin:
    tsc: bin/tsc
    tsserver: bin/tsserver
  checksum: 10/0ef2357a4cffd916b52b683a021cdab0f81eea4e9aa35f2d254581c9a5106da02224e3392e1b0ed42b7a48f80c966e5f52b8e1a27941fa0523c1705a9c2e0330
  languageName: node
  linkType: hard

"typescript@patch:typescript@npm%3A6.0.2#optional!builtin<compat/typescript>":
  version: 6.0.2
  resolution: "typescript@patch:typescript@npm%3A6.0.2#optional!builtin<compat/typescript>::version=6.0.2&hash=5786d5"
  bin:
    tsc: bin/tsc
    tsserver: bin/tsserver
  checksum: 10/e5501dfcf8c5b6b9a61f6fa53decc40187cebe3a2b7b2bd51c615007ad4cf6d58298461fef63294f6be9d5f2f33019b2a2e2bf02d9cb7d7f6ec94372bf24ffa2
  languageName: node
  linkType: hard

"typescript@patch:typescript@npm%3A^6.0.3#optional!builtin<compat/typescript>":
  version: 6.0.3
  resolution: "typescript@patch:typescript@npm%3A6.0.3#optional!builtin<compat/typescript>::version=6.0.3&hash=5786d5"
  bin:
    tsc: bin/tsc
    tsserver: bin/tsserver
  checksum: 10/22b67a18dafedf9b1468b64ca20d9aa02ea61d449b65413d8aa6552aeb63f52ef369e86beb25b6b4c91a803d9726ee5c196f391a9b64201263263410a4223ee6
  languageName: node
  linkType: hard
